
Microsoft Visual Studio Solution File, Format Version 12.00
# Visual Studio 15
VisualStudioVersion = 15.0.28307.136
MinimumVisualStudioVersion = 10.0.40219.1
Project("{8BC9CEB8-8B4A-11D0-8D11-00A0C91BC942}") = "i3doa-queue", "i3doa-queue\i3doa-queue.vcxproj", "{24A5FA51-B746-455C-A047-1CF3F6A3CE51}"
EndProject
Project("{8BC9CEB8-8B4A-11D0-8D11-00A0C91BC942}") = "i3doa-queue-unittest", "i3doa-queue-unittest\i3doa-queue-unittest.vcxproj", "{FA22E06A-FF85-468B-A45D-3490DEA4F4FA}"
EndProject
Global
	GlobalSection(SolutionConfigurationPlatforms) = preSolution
		Debug|x64 = Debug|x64
		Debug|x86 = Debug|x86
		Release|x64 = Release|x64
		Release|x86 = Release|x86
	EndGlobalSection
	GlobalSection(ProjectConfigurationPlatforms) = postSolution
		{24A5FA51-B746-455C-A047-1CF3F6A3CE51}.Debug|x64.ActiveCfg = Debug|x64
		{24A5FA51-B746-455C-A047-1CF3F6A3CE51}.Debug|x64.Build.0 = Debug|x64
		{24A5FA51-B746-455C-A047-1CF3F6A3CE51}.Debug|x86.ActiveCfg = Debug|Win32
		{24A5FA51-B746-455C-A047-1CF3F6A3CE51}.Debug|x86.Build.0 = Debug|Win32
		{24A5FA51-B746-455C-A047-1CF3F6A3CE51}.Release|x64.ActiveCfg = Release|x64
		{24A5FA51-B746-455C-A047-1CF3F6A3CE51}.Release|x64.Build.0 = Release|x64
		{24A5FA51-B746-455C-A047-1CF3F6A3CE51}.Release|x86.ActiveCfg = Release|Win32
		{24A5FA51-B746-455C-A047-1CF3F6A3CE51}.Release|x86.Build.0 = Release|Win32
		{FA22E06A-FF85-468B-A45D-3490DEA4F4FA}.Debug|x64.ActiveCfg = Debug|x64
		{FA22E06A-FF85-468B-A45D-3490DEA4F4FA}.Debug|x64.Build.0 = Debug|x64
		{FA22E06A-FF85-468B-A45D-3490DEA4F4FA}.Debug|x86.ActiveCfg = Debug|Win32
		{FA22E06A-FF85-468B-A45D-3490DEA4F4FA}.Debug|x86.Build.0 = Debug|Win32
		{FA22E06A-FF85-468B-A45D-3490DEA4F4FA}.Release|x64.ActiveCfg = Release|x64
		{FA22E06A-FF85-468B-A45D-3490DEA4F4FA}.Release|x64.Build.0 = Release|x64
		{FA22E06A-FF85-468B-A45D-3490DEA4F4FA}.Release|x86.ActiveCfg = Release|Win32
		{FA22E06A-FF85-468B-A45D-3490DEA4F4FA}.Release|x86.Build.0 = Release|Win32
	EndGlobalSection
	GlobalSection(SolutionProperties) = preSolution
		HideSolutionNode = FALSE
	EndGlobalSection
	GlobalSection(ExtensibilityGlobals) = postSolution
		SolutionGuid = {D73597E0-CFAB-4DBC-B3C5-C28E61F9AA68}
	EndGlobalSection
EndGlobal
